{
  "pins" : [
    {
      "identity" : "alamofire",
      "kind" : "remoteSourceControl",
      "location" : "https://github.com/Alamofire/Alamofire",
      "state" : {
        "revision" : "f455c2975872ccd2d9c81594c658af65716e9b9a",
        "version" : "5.9.1"
      }
    },
    {
      "identity" : "mocker",
      "kind" : "remoteSourceControl",
      "location" : "https://github.com/WeTransfer/Mocker",
      "state" : {
        "revision" : "95fa785c751f6bc40c49e112d433c3acf8417a97",
        "version" : "3.0.2"
      }
    },
    {
      "identity" : "multiprogressview",
      "kind" : "remoteSourceControl",
      "location" : "https://github.com/mac-gallagher/MultiProgressView",
      "state" : {
        "revision" : "c4d920787553c9736f8c932170b318589b0eb1b2",
        "version" : "1.3.0"
      }
    },
    {
      "identity" : "nimble",
      "kind" : "remoteSourceControl",
      "location" : "https://github.com/Quick/Nimble",
      "state" : {
        "revision" : "7a46a5fc86cb917f69e3daf79fcb045283d8f008",
        "version" : "8.1.2"
      }
    },
    {
      "identity" : "quick",
      "kind" : "remoteSourceControl",
      "location" : "https://github.com/Quick/Quick",
      "state" : {
        "revision" : "09b3becb37cb2163919a3842a4c5fa6ec7130792",
        "version" : "2.2.1"
      }
    },
    {
      "identity" : "viewinspector",
      "kind" : "remoteSourceControl",
      "location" : "https://github.com/nalexn/ViewInspector",
      "state" : {
        "revision" : "7b1732802ffe30e6a67754bda6c7819e5cb0eb70",
        "version" : "0.9.11"
      }
    }
  ],
  "version" : 2
}
